// !$*UTF8*$!
{
	archiveVersion = 1;
	classes = {
	};
	objectVersion = 50;
	objects = {

/* Begin PBXBuildFile section */
		9E6C497F26BC2AA200DB704F /* UnitTest.swift in Sources */ = {isa = PBXBuildFile; fileRef = 9E6C497E26BC2AA200DB704F /* UnitTest.swift */; };
		9E70D2FA25C46E7200A00945 /* AppDelegate.swift in Sources */ = {isa = PBXBuildFile; fileRef = 9E70D2F925C46E7200A00945 /* AppDelegate.swift */; };
		9E70D2FC25C46E7200A00945 /* SceneDelegate.swift in Sources */ = {isa = PBXBuildFile; fileRef = 9E70D2FB25C46E7200A00945 /* SceneDelegate.swift */; };
		9E70D2FE25C46E7200A00945 /* ContentView.swift in Sources */ = {isa = PBXBuildFile; fileRef = 9E70D2FD25C46E7200A00945 /* ContentView.swift */; };
		9E70D30025C46E7400A00945 /* Assets.xcassets in Resources */ = {isa = PBXBuildFile; fileRef = 9E70D2FF25C46E7400A00945 /* Assets.xcassets */; };
		9E70D30325C46E7400A00945 /* Preview Assets.xcassets in Resources */ = {isa = PBXBuildFile; fileRef = 9E70D30225C46E7400A00945 /* Preview Assets.xcassets */; };
		9E70D30625C46E7400A00945 /* LaunchScreen.storyboard in Resources */ = {isa = PBXBuildFile; fileRef = 9E70D30425C46E7400A00945 /* LaunchScreen.storyboard */; };
/* End PBXBuildFile section */

/* Begin PBXFileReference section */
		9E6C497E26BC2AA200DB704F /* UnitTest.swift */ = {isa = PBXFileReference; lastKnownFileType = sourcecode.swift; path = UnitTest.swift; sourceTree = "<group>"; };
		9E70D2F625C46E7200A00945 /* test.app */ = {isa = PBXFileReference; explicitFileType = wrapper.application; includeInIndex = 0; path = test.app; sourceTree = BUILT_PRODUCTS_DIR; };
		9E70D2F925C46E7200A00945 /* AppDelegate.swift */ = {isa = PBXFileReference; lastKnownFileType = sourcecode.swift; path = AppDelegate.swift; sourceTree = "<group>"; };
		9E70D2FB25C46E7200A00945 /* SceneDelegate.swift */ = {isa = PBXFileReference; lastKnownFileType = sourcecode.swift; path = SceneDelegate.swift; sourceTree = "<group>"; };
		9E70D2FD25C46E7200A00945 /* ContentView.swift */ = {isa = PBXFileReference; lastKnownFileType = sourcecode.swift; path = ContentView.swift; sourceTree = "<group>"; };
		9E70D2FF25C46E7400A00945 /* Assets.xcassets */ = {isa = PBXFileReference; lastKnownFileType = folder.assetcatalog; path = Assets.xcassets; sourceTree = "<group>"; };
		9E70D30225C46E7400A00945 /* Preview Assets.xcassets */ = {isa = PBXFileReference; lastKnownFileType = folder.assetcatalog; path = "Preview Assets.xcassets"; sourceTree = "<group>"; };
		9E70D30525C46E7400A00945 /* Base */ = {isa = PBXFileReference; lastKnownFileType = file.storyboard; name = Base; path = Base.lproj/LaunchScreen.storyboard; sourceTree = "<group>"; };
		9E70D30725C46E7400A00945 /* Info.plist */ = {isa = PBXFileReference; lastKnownFileType = text.plist.xml; path = Info.plist; sourceTree = "<group>"; };
/* End PBXFileReference section */

/* Begin PBXFrameworksBuildPhase section */
		9E70D2F325C46E7200A00945 /* Frameworks */ = {
			isa = PBXFrameworksBuildPhase;
			buildActionMask = 2147483647;
			files = (
			);
			runOnlyForDeploymentPostprocessing = 0;
		};
/* End PBXFrameworksBuildPhase section */

/* Begin PBXGroup section */
		9E70D2ED25C46E7200A00945 = {
			isa = PBXGroup;
			children = (
				9E6C497E26BC2AA200DB704F /* UnitTest.swift */,
				9E70D2F825C46E7200A00945 /* test */,
				9E70D2F725C46E7200A00945 /* Products */,
			);
			sourceTree = "<group>";
		};
		9E70D2F725C46E7200A00945 /* Products */ = {
			isa = PBXGroup;
			children = (
				9E70D2F625C46E7200A00945 /* test.app */,
			);
			name = Products;
			sourceTree = "<group>";
		};
		9E70D2F825C46E7200A00945 /* test */ = {
			isa = PBXGroup;
			children = (
				9E70D2F925C46E7200A00945 /* AppDelegate.swift */,
				9E70D2FB25C46E7200A00945 /* SceneDelegate.swift */,
				9E70D2FD25C46E7200A00945 /* ContentView.swift */,
				9E70D2FF25C46E7400A00945 /* Assets.xcassets */,
				9E70D30425C46E7400A00945 /* LaunchScreen.storyboard */,
				9E70D30725C46E7400A00945 /* Info.plist */,
				9E70D30125C46E7400A00945 /* Preview Content */,
			);
			path = test;
			sourceTree = "<group>";
		};
		9E70D30125C46E7400A00945 /* Preview Content */ = {
			isa = PBXGroup;
			children = (
				9E70D30225C46E7400A00945 /* Preview Assets.xcassets */,
			);
			path = "Preview Content";
			sourceTree = "<group>";
		};
/* End PBXGroup section */

/* Begin PBXNativeTarget section */
		9E70D2F525C46E7200A00945 /* test */ = {
			isa = PBXNativeTarget;
			buildConfigurationList = 9E70D30A25C46E7400A00945 /* Build configuration list for PBXNativeTarget "test" */;
			buildPhases = (
				9E70D2F225C46E7200A00945 /* Sources */,
				9E70D2F325C46E7200A00945 /* Frameworks */,
				9E70D2F425C46E7200A00945 /* Resources */,
			);
			buildRules = (
			);
			dependencies = (
			);
			name = test;
			productName = test;
			productReference = 9E70D2F625C46E7200A00945 /* test.app */;
			productType = "com.apple.product-type.application";
		};
/* End PBXNativeTarget section */

/* Begin PBXProject section */
		9E70D2EE25C46E7200A00945 /* Project object */ = {
			isa = PBXProject;
			attributes = {
				LastSwiftUpdateCheck = 1230;
				LastUpgradeCheck = 1230;
				TargetAttributes = {
					9E70D2F525C46E7200A00945 = {
						CreatedOnToolsVersion = 12.3;
					};
				};
			};
			buildConfigurationList = 9E70D2F125C46E7200A00945 /* Build configuration list for PBXProject "test" */;
			compatibilityVersion = "Xcode 9.3";
			developmentRegion = en;
			hasScannedForEncodings = 0;
			knownRegions = (
				en,
				Base,
			);
			mainGroup = 9E70D2ED25C46E7200A00945;
			productRefGroup = 9E70D2F725C46E7200A00945 /* Products */;
			projectDirPath = "";
			projectRoot = "";
			targets = (
				9E70D2F525C46E7200A00945 /* test */,
			);
		};
/* End PBXProject section */

/* Begin PBXResourcesBuildPhase section */
		9E70D2F425C46E7200A00945 /* Resources */ = {
			isa = PBXResourcesBuildPhase;
			buildActionMask = 2147483647;
			files = (
				9E70D30625C46E7400A00945 /* LaunchScreen.storyboard in Resources */,
				9E70D30325C46E7400A00945 /* Preview Assets.xcassets in Resources */,
				9E70D30025C46E7400A00945 /* Assets.xcassets in Resources */,
			);
			runOnlyForDeploymentPostprocessing = 0;
		};
/* End PBXResourcesBuildPhase section */

/* Begin PBXSourcesBuildPhase section */
		9E70D2F225C46E7200A00945 /* Sources */ = {
			isa = PBXSourcesBuildPhase;
			buildActionMask = 2147483647;
			files = (
				9E70D2FA25C46E7200A00945 /* AppDelegate.swift in Sources */,
				9E6C497F26BC2AA200DB704F /* UnitTest.swift in Sources */,
				9E70D2FC25C46E7200A00945 /* SceneDelegate.swift in Sources */,
				9E70D2FE25C46E7200A00945 /* ContentView.swift in Sources */,
			);
			runOnlyForDeploymentPostprocessing = 0;
		};
/* End PBXSourcesBuildPhase section */

/* Begin PBXVariantGroup section */
		9E70D30425C46E7400A00945 /* LaunchScreen.storyboard */ = {
			isa = PBXVariantGroup;
			children = (
				9E70D30525C46E7400A00945 /* Base */,
			);
			name = LaunchScreen.storyboard;
			sourceTree = "<group>";
		};
/* End PBXVariantGroup section */

/* Begin XCBuildConfiguration section */
		9E70D30825C46E7400A00945 /* Debug */ = {
			isa = XCBuildConfiguration;
			buildSettings = {
				ALWAYS_SEARCH_USER_PATHS = NO;
				CLANG_ANALYZER_NONNULL = YES;
				CLANG_ANALYZER_NUMBER_OBJECT_CONVERSION = YES_AGGRESSIVE;
				CLANG_CXX_LANGUAGE_STANDARD = "gnu++14";
				CLANG_CXX_LIBRARY = "libc++";
				CLANG_ENABLE_MODULES = YES;
				CLANG_ENABLE_OBJC_ARC = YES;
				CLANG_ENABLE_OBJC_WEAK = YES;
				CLANG_WARN_BLOCK_CAPTURE_AUTORELEASING = YES;
				CLANG_WARN_BOOL_CONVERSION = YES;
				CLANG_WARN_COMMA = YES;
				CLANG_WARN_CONSTANT_CONVERSION = YES;
				CLANG_WARN_DEPRECATED_OBJC_IMPLEMENTATIONS = YES;
				CLANG_WARN_DIRECT_OBJC_ISA_USAGE = YES_ERROR;
				CLANG_WARN_DOCUMENTATION_COMMENTS = YES;
				CLANG_WARN_EMPTY_BODY = YES;
				CLANG_WARN_ENUM_CONVERSION = YES;
				CLANG_WARN_INFINITE_RECURSION = YES;
				CLANG_WARN_INT_CONVERSION = YES;
				CLANG_WARN_NON_LITERAL_NULL_CONVERSION = YES;
				CLANG_WARN_OBJC_IMPLICIT_RETAIN_SELF = YES;
				CLANG_WARN_OBJC_LITERAL_CONVERSION = YES;
				CLANG_WARN_OBJC_ROOT_CLASS = YES_ERROR;
				CLANG_WARN_QUOTED_INCLUDE_IN_FRAMEWORK_HEADER = YES;
				CLANG_WARN_RANGE_LOOP_ANALYSIS = YES;
				CLANG_WARN_STRICT_PROTOTYPES = YES;
				CLANG_WARN_SUSPICIOUS_MOVE = YES;
				CLANG_WARN_UNGUARDED_AVAILABILITY = YES_AGGRESSIVE;
				CLANG_WARN_UNREACHABLE_CODE = YES;
				CLANG_WARN__DUPLICATE_METHOD_MATCH = YES;
				COPY_PHASE_STRIP = NO;
				DEBUG_INFORMATION_FORMAT = dwarf;
				ENABLE_STRICT_OBJC_MSGSEND = YES;
				ENABLE_TESTABILITY = YES;
				GCC_C_LANGUAGE_STANDARD = gnu11;
				GCC_DYNAMIC_NO_PIC = NO;
				GCC_NO_COMMON_BLOCKS = YES;
				GCC_OPTIMIZATION_LEVEL = 0;
				GCC_PREPROCESSOR_DEFINITIONS = (
					"DEBUG=1",
					"$(inherited)",
				);
				GCC_WARN_64_TO_32_BIT_CONVERSION = YES;
				GCC_WARN_ABOUT_RETURN_TYPE = YES_ERROR;
				GCC_WARN_UNDECLARED_SELECTOR = YES;
				GCC_WARN_UNINITIALIZED_AUTOS = YES_AGGRESSIVE;
				GCC_WARN_UNUSED_FUNCTION = YES;
				GCC_WARN_UNUSED_VARIABLE = YES;
				IPHONEOS_DEPLOYMENT_TARGET = 14.3;
				MTL_ENABLE_DEBUG_INFO = INCLUDE_SOURCE;
				MTL_FAST_MATH = YES;
				ONLY_ACTIVE_ARCH = YES;
				SDKROOT = iphoneos;
				SWIFT_ACTIVE_COMPILATION_CONDITIONS = DEBUG;
				SWIFT_OPTIMIZATION_LEVEL = "-Onone";
			};
			name = Debug;
		};
		9E70D30925C46E7400A00945 /* Release */ = {
			isa = XCBuildConfiguration;
			buildSettings = {
				ALWAYS_SEARCH_USER_PATHS = NO;
				CLANG_ANALYZER_NONNULL = YES;
				CLANG_ANALYZER_NUMBER_OBJECT_CONVERSION = YES_AGGRESSIVE;
				CLANG_CXX_LANGUAGE_STANDARD = "gnu++14";
				CLANG_CXX_LIBRARY = "libc++";
				CLANG_ENABLE_MODULES = YES;
				CLANG_ENABLE_OBJC_ARC = YES;
				CLANG_ENABLE_OBJC_WEAK = YES;
				CLANG_WARN_BLOCK_CAPTURE_AUTORELEASING = YES;
				CLANG_WARN_BOOL_CONVERSION = YES;
				CLANG_WARN_COMMA = YES;
				CLANG_WARN_CONSTANT_CONVERSION = YES;
				CLANG_WARN_DEPRECATED_OBJC_IMPLEMENTATIONS = YES;
				CLANG_WARN_DIRECT_OBJC_ISA_USAGE = YES_ERROR;
				CLANG_WARN_DOCUMENTATION_COMMENTS = YES;
				CLANG_WARN_EMPTY_BODY = YES;
				CLANG_WARN_ENUM_CONVERSION = YES;
				CLANG_WARN_INFINITE_RECURSION = YES;
				CLANG_WARN_INT_CONVERSION = YES;
				CLANG_WARN_NON_LITERAL_NULL_CONVERSION = YES;
				CLANG_WARN_OBJC_IMPLICIT_RETAIN_SELF = YES;
				CLANG_WARN_OBJC_LITERAL_CONVERSION = YES;
				CLANG_WARN_OBJC_ROOT_CLASS = YES_ERROR;
				CLANG_WARN_QUOTED_INCLUDE_IN_FRAMEWORK_HEADER = YES;
				CLANG_WARN_RANGE_LOOP_ANALYSIS = YES;
				CLANG_WARN_STRICT_PROTOTYPES = YES;
				CLANG_WARN_SUSPICIOUS_MOVE = YES;
				CLANG_WARN_UNGUARDED_AVAILABILITY = YES_AGGRESSIVE;
				CLANG_WARN_UNREACHABLE_CODE = YES;
				CLANG_WARN__DUPLICATE_METHOD_MATCH = YES;
				COPY_PHASE_STRIP = NO;
				DEBUG_INFORMATION_FORMAT = "dwarf-with-dsym";
				ENABLE_NS_ASSERTIONS = NO;
				ENABLE_STRICT_OBJC_MSGSEND = YES;
				GCC_C_LANGUAGE_STANDARD = gnu11;
				GCC_NO_COMMON_BLOCKS = YES;
				GCC_WARN_64_TO_32_BIT_CONVERSION = YES;
				GCC_WARN_ABOUT_RETURN_TYPE = YES_ERROR;
				GCC_WARN_UNDECLARED_SELECTOR = YES;
				GCC_WARN_UNINITIALIZED_AUTOS = YES_AGGRESSIVE;
				GCC_WARN_UNUSED_FUNCTION = YES;
				GCC_WARN_UNUSED_VARIABLE = YES;
				IPHONEOS_DEPLOYMENT_TARGET = 14.3;
				MTL_ENABLE_DEBUG_INFO = NO;
				MTL_FAST_MATH = YES;
				SDKROOT = iphoneos;
				SWIFT_COMPILATION_MODE = wholemodule;
				SWIFT_OPTIMIZATION_LEVEL = "-O";
				VALIDATE_PRODUCT = YES;
			};
			name = Release;
		};
		9E70D30B25C46E7400A00945 /* Debug */ = {
			isa = XCBuildConfiguration;
			buildSettings = {
				ASSETCATALOG_COMPILER_APPICON_NAME = AppIcon;
				ASSETCATALOG_COMPILER_GLOBAL_ACCENT_COLOR_NAME = AccentColor;
				CODE_SIGN_STYLE = Automatic;
				DEVELOPMENT_ASSET_PATHS = "\"test/Preview Content\"";
				DEVELOPMENT_TEAM = FRLWXTY459;
				ENABLE_PREVIEWS = YES;
				INFOPLIST_FILE = test/Info.plist;
				LD_RUNPATH_SEARCH_PATHS = (
					"$(inherited)",
					"@executable_path/Frameworks",
				);
				PRODUCT_BUNDLE_IDENTIFIER = com.lipeiv.test;
				PRODUCT_NAME = "$(TARGET_NAME)";
				SWIFT_VERSION = 5.0;
				TARGETED_DEVICE_FAMILY = "1,2";
			};
			name = Debug;
		};
		9E70D30C25C46E7400A00945 /* Release */ = {
			isa = XCBuildConfiguration;
			buildSettings = {
				ASSETCATALOG_COMPILER_APPICON_NAME = AppIcon;
				ASSETCATALOG_COMPILER_GLOBAL_ACCENT_COLOR_NAME = AccentColor;
				CODE_SIGN_STYLE = Automatic;
				DEVELOPMENT_ASSET_PATHS = "\"test/Preview Content\"";
				DEVELOPMENT_TEAM = FRLWXTY459;
				ENABLE_PREVIEWS = YES;
				INFOPLIST_FILE = test/Info.plist;
				LD_RUNPATH_SEARCH_PATHS = (
					"$(inherited)",
					"@executable_path/Frameworks",
				);
				PRODUCT_BUNDLE_IDENTIFIER = com.lipeiv.test;
				PRODUCT_NAME = "$(TARGET_NAME)";
				SWIFT_VERSION = 5.0;
				TARGETED_DEVICE_FAMILY = "1,2";
			};
			name = Release;
		};
/* End XCBuildConfiguration section */

/* Begin XCConfigurationList section */
		9E70D2F125C46E7200A00945 /* Build configuration list for PBXProject "test" */ = {
			isa = XCConfigurationList;
			buildConfigurations = (
				9E70D30825C46E7400A00945 /* Debug */,
				9E70D30925C46E7400A00945 /* Release */,
			);
			defaultConfigurationIsVisible = 0;
			defaultConfigurationName = Release;
		};
		9E70D30A25C46E7400A00945 /* Build configuration list for PBXNativeTarget "test" */ = {
			isa = XCConfigurationList;
			buildConfigurations = (
				9E70D30B25C46E7400A00945 /* Debug */,
				9E70D30C25C46E7400A00945 /* Release */,
			);
			defaultConfigurationIsVisible = 0;
			defaultConfigurationName = Release;
		};
/* End XCConfigurationList section */
	};
	rootObject = 9E70D2EE25C46E7200A00945 /* Project object */;
}
