// !$*UTF8*$!
{
	archiveVersion = 1;
	classes = {
	};
	objectVersion = 50;
	objects = {

/* Begin PBXBuildFile section */
		9EA6A0C0251764B300D24555 /* AppDelegate.m in Sources */ = {isa = PBXBuildFile; fileRef = 9EA6A0BF251764B300D24555 /* AppDelegate.m */; };
		9EA6A0C3251764B300D24555 /* SceneDelegate.m in Sources */ = {isa = PBXBuildFile; fileRef = 9EA6A0C2251764B300D24555 /* SceneDelegate.m */; };
		9EA6A0C6251764B300D24555 /* ViewController.m in Sources */ = {isa = PBXBuildFile; fileRef = 9EA6A0C5251764B300D24555 /* ViewController.m */; };
		9EA6A0C9251764B300D24555 /* Main.storyboard in Resources */ = {isa = PBXBuildFile; fileRef = 9EA6A0C7251764B300D24555 /* Main.storyboard */; };
		9EA6A0CB251764B500D24555 /* Assets.xcassets in Resources */ = {isa = PBXBuildFile; fileRef = 9EA6A0CA251764B500D24555 /* Assets.xcassets */; };
		9EA6A0CE251764B500D24555 /* LaunchScreen.storyboard in Resources */ = {isa = PBXBuildFile; fileRef = 9EA6A0CC251764B500D24555 /* LaunchScreen.storyboard */; };
		9EA6A0D1251764B500D24555 /* main.m in Sources */ = {isa = PBXBuildFile; fileRef = 9EA6A0D0251764B500D24555 /* main.m */; };
		9EA6A0DB251764B600D24555 /* DynaLabelTests.m in Sources */ = {isa = PBXBuildFile; fileRef = 9EA6A0DA251764B600D24555 /* DynaLabelTests.m */; };
		9EA6A0E6251764B600D24555 /* DynaLabelUITests.m in Sources */ = {isa = PBXBuildFile; fileRef = 9EA6A0E5251764B600D24555 /* DynaLabelUITests.m */; };
/* End PBXBuildFile section */

/* Begin PBXContainerItemProxy section */
		9EA6A0D7251764B500D24555 /* PBXContainerItemProxy */ = {
			isa = PBXContainerItemProxy;
			containerPortal = 9EA6A0B3251764B300D24555 /* Project object */;
			proxyType = 1;
			remoteGlobalIDString = 9EA6A0BA251764B300D24555;
			remoteInfo = DynaLabel;
		};
		9EA6A0E2251764B600D24555 /* PBXContainerItemProxy */ = {
			isa = PBXContainerItemProxy;
			containerPortal = 9EA6A0B3251764B300D24555 /* Project object */;
			proxyType = 1;
			remoteGlobalIDString = 9EA6A0BA251764B300D24555;
			remoteInfo = DynaLabel;
		};
/* End PBXContainerItemProxy section */

/* Begin PBXFileReference section */
		9EA6A0BB251764B300D24555 /* DynaLabel.app */ = {isa = PBXFileReference; explicitFileType = wrapper.application; includeInIndex = 0; path = DynaLabel.app; sourceTree = BUILT_PRODUCTS_DIR; };
		9EA6A0BE251764B300D24555 /* AppDelegate.h */ = {isa = PBXFileReference; lastKnownFileType = sourcecode.c.h; path = AppDelegate.h; sourceTree = "<group>"; };
		9EA6A0BF251764B300D24555 /* AppDelegate.m */ = {isa = PBXFileReference; lastKnownFileType = sourcecode.c.objc; path = AppDelegate.m; sourceTree = "<group>"; };
		9EA6A0C1251764B300D24555 /* SceneDelegate.h */ = {isa = PBXFileReference; lastKnownFileType = sourcecode.c.h; path = SceneDelegate.h; sourceTree = "<group>"; };
		9EA6A0C2251764B300D24555 /* SceneDelegate.m */ = {isa = PBXFileReference; lastKnownFileType = sourcecode.c.objc; path = SceneDelegate.m; sourceTree = "<group>"; };
		9EA6A0C4251764B300D24555 /* ViewController.h */ = {isa = PBXFileReference; lastKnownFileType = sourcecode.c.h; path = ViewController.h; sourceTree = "<group>"; };
		9EA6A0C5251764B300D24555 /* ViewController.m */ = {isa = PBXFileReference; lastKnownFileType = sourcecode.c.objc; path = ViewController.m; sourceTree = "<group>"; };
		9EA6A0C8251764B300D24555 /* Base */ = {isa = PBXFileReference; lastKnownFileType = file.storyboard; name = Base; path = Base.lproj/Main.storyboard; sourceTree = "<group>"; };
		9EA6A0CA251764B500D24555 /* Assets.xcassets */ = {isa = PBXFileReference; lastKnownFileType = folder.assetcatalog; path = Assets.xcassets; sourceTree = "<group>"; };
		9EA6A0CD251764B500D24555 /* Base */ = {isa = PBXFileReference; lastKnownFileType = file.storyboard; name = Base; path = Base.lproj/LaunchScreen.storyboard; sourceTree = "<group>"; };
		9EA6A0CF251764B500D24555 /* Info.plist */ = {isa = PBXFileReference; lastKnownFileType = text.plist.xml; path = Info.plist; sourceTree = "<group>"; };
		9EA6A0D0251764B500D24555 /* main.m */ = {isa = PBXFileReference; lastKnownFileType = sourcecode.c.objc; path = main.m; sourceTree = "<group>"; };
		9EA6A0D6251764B500D24555 /* DynaLabelTests.xctest */ = {isa = PBXFileReference; explicitFileType = wrapper.cfbundle; includeInIndex = 0; path = DynaLabelTests.xctest; sourceTree = BUILT_PRODUCTS_DIR; };
		9EA6A0DA251764B600D24555 /* DynaLabelTests.m */ = {isa = PBXFileReference; lastKnownFileType = sourcecode.c.objc; path = DynaLabelTests.m; sourceTree = "<group>"; };
		9EA6A0DC251764B600D24555 /* Info.plist */ = {isa = PBXFileReference; lastKnownFileType = text.plist.xml; path = Info.plist; sourceTree = "<group>"; };
		9EA6A0E1251764B600D24555 /* DynaLabelUITests.xctest */ = {isa = PBXFileReference; explicitFileType = wrapper.cfbundle; includeInIndex = 0; path = DynaLabelUITests.xctest; sourceTree = BUILT_PRODUCTS_DIR; };
		9EA6A0E5251764B600D24555 /* DynaLabelUITests.m */ = {isa = PBXFileReference; lastKnownFileType = sourcecode.c.objc; path = DynaLabelUITests.m; sourceTree = "<group>"; };
		9EA6A0E7251764B600D24555 /* Info.plist */ = {isa = PBXFileReference; lastKnownFileType = text.plist.xml; path = Info.plist; sourceTree = "<group>"; };
/* End PBXFileReference section */

/* Begin PBXFrameworksBuildPhase section */
		9EA6A0B8251764B300D24555 /* Frameworks */ = {
			isa = PBXFrameworksBuildPhase;
			buildActionMask = 2147483647;
			files = (
			);
			runOnlyForDeploymentPostprocessing = 0;
		};
		9EA6A0D3251764B500D24555 /* Frameworks */ = {
			isa = PBXFrameworksBuildPhase;
			buildActionMask = 2147483647;
			files = (
			);
			runOnlyForDeploymentPostprocessing = 0;
		};
		9EA6A0DE251764B600D24555 /* Frameworks */ = {
			isa = PBXFrameworksBuildPhase;
			buildActionMask = 2147483647;
			files = (
			);
			runOnlyForDeploymentPostprocessing = 0;
		};
/* End PBXFrameworksBuildPhase section */

/* Begin PBXGroup section */
		9EA6A0B2251764B300D24555 = {
			isa = PBXGroup;
			children = (
				9EA6A0BD251764B300D24555 /* DynaLabel */,
				9EA6A0D9251764B600D24555 /* DynaLabelTests */,
				9EA6A0E4251764B600D24555 /* DynaLabelUITests */,
				9EA6A0BC251764B300D24555 /* Products */,
			);
			sourceTree = "<group>";
		};
		9EA6A0BC251764B300D24555 /* Products */ = {
			isa = PBXGroup;
			children = (
				9EA6A0BB251764B300D24555 /* DynaLabel.app */,
				9EA6A0D6251764B500D24555 /* DynaLabelTests.xctest */,
				9EA6A0E1251764B600D24555 /* DynaLabelUITests.xctest */,
			);
			name = Products;
			sourceTree = "<group>";
		};
		9EA6A0BD251764B300D24555 /* DynaLabel */ = {
			isa = PBXGroup;
			children = (
				9EA6A0BE251764B300D24555 /* AppDelegate.h */,
				9EA6A0BF251764B300D24555 /* AppDelegate.m */,
				9EA6A0C1251764B300D24555 /* SceneDelegate.h */,
				9EA6A0C2251764B300D24555 /* SceneDelegate.m */,
				9EA6A0C4251764B300D24555 /* ViewController.h */,
				9EA6A0C5251764B300D24555 /* ViewController.m */,
				9EA6A0C7251764B300D24555 /* Main.storyboard */,
				9EA6A0CA251764B500D24555 /* Assets.xcassets */,
				9EA6A0CC251764B500D24555 /* LaunchScreen.storyboard */,
				9EA6A0CF251764B500D24555 /* Info.plist */,
				9EA6A0D0251764B500D24555 /* main.m */,
			);
			path = DynaLabel;
			sourceTree = "<group>";
		};
		9EA6A0D9251764B600D24555 /* DynaLabelTests */ = {
			isa = PBXGroup;
			children = (
				9EA6A0DA251764B600D24555 /* DynaLabelTests.m */,
				9EA6A0DC251764B600D24555 /* Info.plist */,
			);
			path = DynaLabelTests;
			sourceTree = "<group>";
		};
		9EA6A0E4251764B600D24555 /* DynaLabelUITests */ = {
			isa = PBXGroup;
			children = (
				9EA6A0E5251764B600D24555 /* DynaLabelUITests.m */,
				9EA6A0E7251764B600D24555 /* Info.plist */,
			);
			path = DynaLabelUITests;
			sourceTree = "<group>";
		};
/* End PBXGroup section */

/* Begin PBXNativeTarget section */
		9EA6A0BA251764B300D24555 /* DynaLabel */ = {
			isa = PBXNativeTarget;
			buildConfigurationList = 9EA6A0EA251764B600D24555 /* Build configuration list for PBXNativeTarget "DynaLabel" */;
			buildPhases = (
				9EA6A0B7251764B300D24555 /* Sources */,
				9EA6A0B8251764B300D24555 /* Frameworks */,
				9EA6A0B9251764B300D24555 /* Resources */,
			);
			buildRules = (
			);
			dependencies = (
			);
			name = DynaLabel;
			productName = DynaLabel;
			productReference = 9EA6A0BB251764B300D24555 /* DynaLabel.app */;
			productType = "com.apple.product-type.application";
		};
		9EA6A0D5251764B500D24555 /* DynaLabelTests */ = {
			isa = PBXNativeTarget;
			buildConfigurationList = 9EA6A0ED251764B600D24555 /* Build configuration list for PBXNativeTarget "DynaLabelTests" */;
			buildPhases = (
				9EA6A0D2251764B500D24555 /* Sources */,
				9EA6A0D3251764B500D24555 /* Frameworks */,
				9EA6A0D4251764B500D24555 /* Resources */,
			);
			buildRules = (
			);
			dependencies = (
				9EA6A0D8251764B500D24555 /* PBXTargetDependency */,
			);
			name = DynaLabelTests;
			productName = DynaLabelTests;
			productReference = 9EA6A0D6251764B500D24555 /* DynaLabelTests.xctest */;
			productType = "com.apple.product-type.bundle.unit-test";
		};
		9EA6A0E0251764B600D24555 /* DynaLabelUITests */ = {
			isa = PBXNativeTarget;
			buildConfigurationList = 9EA6A0F0251764B600D24555 /* Build configuration list for PBXNativeTarget "DynaLabelUITests" */;
			buildPhases = (
				9EA6A0DD251764B600D24555 /* Sources */,
				9EA6A0DE251764B600D24555 /* Frameworks */,
				9EA6A0DF251764B600D24555 /* Resources */,
			);
			buildRules = (
			);
			dependencies = (
				9EA6A0E3251764B600D24555 /* PBXTargetDependency */,
			);
			name = DynaLabelUITests;
			productName = DynaLabelUITests;
			productReference = 9EA6A0E1251764B600D24555 /* DynaLabelUITests.xctest */;
			productType = "com.apple.product-type.bundle.ui-testing";
		};
/* End PBXNativeTarget section */

/* Begin PBXProject section */
		9EA6A0B3251764B300D24555 /* Project object */ = {
			isa = PBXProject;
			attributes = {
				LastUpgradeCheck = 1200;
				TargetAttributes = {
					9EA6A0BA251764B300D24555 = {
						CreatedOnToolsVersion = 12.0;
					};
					9EA6A0D5251764B500D24555 = {
						CreatedOnToolsVersion = 12.0;
						TestTargetID = 9EA6A0BA251764B300D24555;
					};
					9EA6A0E0251764B600D24555 = {
						CreatedOnToolsVersion = 12.0;
						TestTargetID = 9EA6A0BA251764B300D24555;
					};
				};
			};
			buildConfigurationList = 9EA6A0B6251764B300D24555 /* Build configuration list for PBXProject "DynaLabel" */;
			compatibilityVersion = "Xcode 9.3";
			developmentRegion = en;
			hasScannedForEncodings = 0;
			knownRegions = (
				en,
				Base,
			);
			mainGroup = 9EA6A0B2251764B300D24555;
			productRefGroup = 9EA6A0BC251764B300D24555 /* Products */;
			projectDirPath = "";
			projectRoot = "";
			targets = (
				9EA6A0BA251764B300D24555 /* DynaLabel */,
				9EA6A0D5251764B500D24555 /* DynaLabelTests */,
				9EA6A0E0251764B600D24555 /* DynaLabelUITests */,
			);
		};
/* End PBXProject section */

/* Begin PBXResourcesBuildPhase section */
		9EA6A0B9251764B300D24555 /* Resources */ = {
			isa = PBXResourcesBuildPhase;
			buildActionMask = 2147483647;
			files = (
				9EA6A0CE251764B500D24555 /* LaunchScreen.storyboard in Resources */,
				9EA6A0CB251764B500D24555 /* Assets.xcassets in Resources */,
				9EA6A0C9251764B300D24555 /* Main.storyboard in Resources */,
			);
			runOnlyForDeploymentPostprocessing = 0;
		};
		9EA6A0D4251764B500D24555 /* Resources */ = {
			isa = PBXResourcesBuildPhase;
			buildActionMask = 2147483647;
			files = (
			);
			runOnlyForDeploymentPostprocessing = 0;
		};
		9EA6A0DF251764B600D24555 /* Resources */ = {
			isa = PBXResourcesBuildPhase;
			buildActionMask = 2147483647;
			files = (
			);
			runOnlyForDeploymentPostprocessing = 0;
		};
/* End PBXResourcesBuildPhase section */

/* Begin PBXSourcesBuildPhase section */
		9EA6A0B7251764B300D24555 /* Sources */ = {
			isa = PBXSourcesBuildPhase;
			buildActionMask = 2147483647;
			files = (
				9EA6A0C6251764B300D24555 /* ViewController.m in Sources */,
				9EA6A0C0251764B300D24555 /* AppDelegate.m in Sources */,
				9EA6A0D1251764B500D24555 /* main.m in Sources */,
				9EA6A0C3251764B300D24555 /* SceneDelegate.m in Sources */,
			);
			runOnlyForDeploymentPostprocessing = 0;
		};
		9EA6A0D2251764B500D24555 /* Sources */ = {
			isa = PBXSourcesBuildPhase;
			buildActionMask = 2147483647;
			files = (
				9EA6A0DB251764B600D24555 /* DynaLabelTests.m in Sources */,
			);
			runOnlyForDeploymentPostprocessing = 0;
		};
		9EA6A0DD251764B600D24555 /* Sources */ = {
			isa = PBXSourcesBuildPhase;
			buildActionMask = 2147483647;
			files = (
				9EA6A0E6251764B600D24555 /* DynaLabelUITests.m in Sources */,
			);
			runOnlyForDeploymentPostprocessing = 0;
		};
/* End PBXSourcesBuildPhase section */

/* Begin PBXTargetDependency section */
		9EA6A0D8251764B500D24555 /* PBXTargetDependency */ = {
			isa = PBXTargetDependency;
			target = 9EA6A0BA251764B300D24555 /* DynaLabel */;
			targetProxy = 9EA6A0D7251764B500D24555 /* PBXContainerItemProxy */;
		};
		9EA6A0E3251764B600D24555 /* PBXTargetDependency */ = {
			isa = PBXTargetDependency;
			target = 9EA6A0BA251764B300D24555 /* DynaLabel */;
			targetProxy = 9EA6A0E2251764B600D24555 /* PBXContainerItemProxy */;
		};
/* End PBXTargetDependency section */

/* Begin PBXVariantGroup section */
		9EA6A0C7251764B300D24555 /* Main.storyboard */ = {
			isa = PBXVariantGroup;
			children = (
				9EA6A0C8251764B300D24555 /* Base */,
			);
			name = Main.storyboard;
			sourceTree = "<group>";
		};
		9EA6A0CC251764B500D24555 /* LaunchScreen.storyboard */ = {
			isa = PBXVariantGroup;
			children = (
				9EA6A0CD251764B500D24555 /* Base */,
			);
			name = LaunchScreen.storyboard;
			sourceTree = "<group>";
		};
/* End PBXVariantGroup section */

/* Begin XCBuildConfiguration section */
		9EA6A0E8251764B600D24555 /* Debug */ = {
			isa = XCBuildConfiguration;
			buildSettings = {
				ALWAYS_SEARCH_USER_PATHS = NO;
				CLANG_ANALYZER_NONNULL = YES;
				CLANG_ANALYZER_NUMBER_OBJECT_CONVERSION = YES_AGGRESSIVE;
				CLANG_CXX_LANGUAGE_STANDARD = "gnu++14";
				CLANG_CXX_LIBRARY = "libc++";
				CLANG_ENABLE_MODULES = YES;
				CLANG_ENABLE_OBJC_ARC = YES;
				CLANG_ENABLE_OBJC_WEAK = YES;
				CLANG_WARN_BLOCK_CAPTURE_AUTORELEASING = YES;
				CLANG_WARN_BOOL_CONVERSION = YES;
				CLANG_WARN_COMMA = YES;
				CLANG_WARN_CONSTANT_CONVERSION = YES;
				CLANG_WARN_DEPRECATED_OBJC_IMPLEMENTATIONS = YES;
				CLANG_WARN_DIRECT_OBJC_ISA_USAGE = YES_ERROR;
				CLANG_WARN_DOCUMENTATION_COMMENTS = YES;
				CLANG_WARN_EMPTY_BODY = YES;
				CLANG_WARN_ENUM_CONVERSION = YES;
				CLANG_WARN_INFINITE_RECURSION = YES;
				CLANG_WARN_INT_CONVERSION = YES;
				CLANG_WARN_NON_LITERAL_NULL_CONVERSION = YES;
				CLANG_WARN_OBJC_IMPLICIT_RETAIN_SELF = YES;
				CLANG_WARN_OBJC_LITERAL_CONVERSION = YES;
				CLANG_WARN_OBJC_ROOT_CLASS = YES_ERROR;
				CLANG_WARN_QUOTED_INCLUDE_IN_FRAMEWORK_HEADER = YES;
				CLANG_WARN_RANGE_LOOP_ANALYSIS = YES;
				CLANG_WARN_STRICT_PROTOTYPES = YES;
				CLANG_WARN_SUSPICIOUS_MOVE = YES;
				CLANG_WARN_UNGUARDED_AVAILABILITY = YES_AGGRESSIVE;
				CLANG_WARN_UNREACHABLE_CODE = YES;
				CLANG_WARN__DUPLICATE_METHOD_MATCH = YES;
				COPY_PHASE_STRIP = NO;
				DEBUG_INFORMATION_FORMAT = dwarf;
				ENABLE_STRICT_OBJC_MSGSEND = YES;
				ENABLE_TESTABILITY = YES;
				GCC_C_LANGUAGE_STANDARD = gnu11;
				GCC_DYNAMIC_NO_PIC = NO;
				GCC_NO_COMMON_BLOCKS = YES;
				GCC_OPTIMIZATION_LEVEL = 0;
				GCC_PREPROCESSOR_DEFINITIONS = (
					"DEBUG=1",
					"$(inherited)",
				);
				GCC_WARN_64_TO_32_BIT_CONVERSION = YES;
				GCC_WARN_ABOUT_RETURN_TYPE = YES_ERROR;
				GCC_WARN_UNDECLARED_SELECTOR = YES;
				GCC_WARN_UNINITIALIZED_AUTOS = YES_AGGRESSIVE;
				GCC_WARN_UNUSED_FUNCTION = YES;
				GCC_WARN_UNUSED_VARIABLE = YES;
				IPHONEOS_DEPLOYMENT_TARGET = 14.0;
				MTL_ENABLE_DEBUG_INFO = INCLUDE_SOURCE;
				MTL_FAST_MATH = YES;
				ONLY_ACTIVE_ARCH = YES;
				SDKROOT = iphoneos;
			};
			name = Debug;
		};
		9EA6A0E9251764B600D24555 /* Release */ = {
			isa = XCBuildConfiguration;
			buildSettings = {
				ALWAYS_SEARCH_USER_PATHS = NO;
				CLANG_ANALYZER_NONNULL = YES;
				CLANG_ANALYZER_NUMBER_OBJECT_CONVERSION = YES_AGGRESSIVE;
				CLANG_CXX_LANGUAGE_STANDARD = "gnu++14";
				CLANG_CXX_LIBRARY = "libc++";
				CLANG_ENABLE_MODULES = YES;
				CLANG_ENABLE_OBJC_ARC = YES;
				CLANG_ENABLE_OBJC_WEAK = YES;
				CLANG_WARN_BLOCK_CAPTURE_AUTORELEASING = YES;
				CLANG_WARN_BOOL_CONVERSION = YES;
				CLANG_WARN_COMMA = YES;
				CLANG_WARN_CONSTANT_CONVERSION = YES;
				CLANG_WARN_DEPRECATED_OBJC_IMPLEMENTATIONS = YES;
				CLANG_WARN_DIRECT_OBJC_ISA_USAGE = YES_ERROR;
				CLANG_WARN_DOCUMENTATION_COMMENTS = YES;
				CLANG_WARN_EMPTY_BODY = YES;
				CLANG_WARN_ENUM_CONVERSION = YES;
				CLANG_WARN_INFINITE_RECURSION = YES;
				CLANG_WARN_INT_CONVERSION = YES;
				CLANG_WARN_NON_LITERAL_NULL_CONVERSION = YES;
				CLANG_WARN_OBJC_IMPLICIT_RETAIN_SELF = YES;
				CLANG_WARN_OBJC_LITERAL_CONVERSION = YES;
				CLANG_WARN_OBJC_ROOT_CLASS = YES_ERROR;
				CLANG_WARN_QUOTED_INCLUDE_IN_FRAMEWORK_HEADER = YES;
				CLANG_WARN_RANGE_LOOP_ANALYSIS = YES;
				CLANG_WARN_STRICT_PROTOTYPES = YES;
				CLANG_WARN_SUSPICIOUS_MOVE = YES;
				CLANG_WARN_UNGUARDED_AVAILABILITY = YES_AGGRESSIVE;
				CLANG_WARN_UNREACHABLE_CODE = YES;
				CLANG_WARN__DUPLICATE_METHOD_MATCH = YES;
				COPY_PHASE_STRIP = NO;
				DEBUG_INFORMATION_FORMAT = "dwarf-with-dsym";
				ENABLE_NS_ASSERTIONS = NO;
				ENABLE_STRICT_OBJC_MSGSEND = YES;
				GCC_C_LANGUAGE_STANDARD = gnu11;
				GCC_NO_COMMON_BLOCKS = YES;
				GCC_WARN_64_TO_32_BIT_CONVERSION = YES;
				GCC_WARN_ABOUT_RETURN_TYPE = YES_ERROR;
				GCC_WARN_UNDECLARED_SELECTOR = YES;
				GCC_WARN_UNINITIALIZED_AUTOS = YES_AGGRESSIVE;
				GCC_WARN_UNUSED_FUNCTION = YES;
				GCC_WARN_UNUSED_VARIABLE = YES;
				IPHONEOS_DEPLOYMENT_TARGET = 14.0;
				MTL_ENABLE_DEBUG_INFO = NO;
				MTL_FAST_MATH = YES;
				SDKROOT = iphoneos;
				VALIDATE_PRODUCT = YES;
			};
			name = Release;
		};
		9EA6A0EB251764B600D24555 /* Debug */ = {
			isa = XCBuildConfiguration;
			buildSettings = {
				ASSETCATALOG_COMPILER_APPICON_NAME = AppIcon;
				ASSETCATALOG_COMPILER_GLOBAL_ACCENT_COLOR_NAME = AccentColor;
				CODE_SIGN_STYLE = Automatic;
				DEVELOPMENT_TEAM = FRLWXTY459;
				INFOPLIST_FILE = DynaLabel/Info.plist;
				LD_RUNPATH_SEARCH_PATHS = (
					"$(inherited)",
					"@executable_path/Frameworks",
				);
				PRODUCT_BUNDLE_IDENTIFIER = hyron.DynaLabel;
				PRODUCT_NAME = "$(TARGET_NAME)";
				TARGETED_DEVICE_FAMILY = "1,2";
			};
			name = Debug;
		};
		9EA6A0EC251764B600D24555 /* Release */ = {
			isa = XCBuildConfiguration;
			buildSettings = {
				ASSETCATALOG_COMPILER_APPICON_NAME = AppIcon;
				ASSETCATALOG_COMPILER_GLOBAL_ACCENT_COLOR_NAME = AccentColor;
				CODE_SIGN_STYLE = Automatic;
				DEVELOPMENT_TEAM = FRLWXTY459;
				INFOPLIST_FILE = DynaLabel/Info.plist;
				LD_RUNPATH_SEARCH_PATHS = (
					"$(inherited)",
					"@executable_path/Frameworks",
				);
				PRODUCT_BUNDLE_IDENTIFIER = hyron.DynaLabel;
				PRODUCT_NAME = "$(TARGET_NAME)";
				TARGETED_DEVICE_FAMILY = "1,2";
			};
			name = Release;
		};
		9EA6A0EE251764B600D24555 /* Debug */ = {
			isa = XCBuildConfiguration;
			buildSettings = {
				BUNDLE_LOADER = "$(TEST_HOST)";
				CODE_SIGN_STYLE = Automatic;
				DEVELOPMENT_TEAM = FRLWXTY459;
				INFOPLIST_FILE = DynaLabelTests/Info.plist;
				IPHONEOS_DEPLOYMENT_TARGET = 14.0;
				LD_RUNPATH_SEARCH_PATHS = (
					"$(inherited)",
					"@executable_path/Frameworks",
					"@loader_path/Frameworks",
				);
				PRODUCT_BUNDLE_IDENTIFIER = hyron.DynaLabelTests;
				PRODUCT_NAME = "$(TARGET_NAME)";
				TARGETED_DEVICE_FAMILY = "1,2";
				TEST_HOST = "$(BUILT_PRODUCTS_DIR)/DynaLabel.app/DynaLabel";
			};
			name = Debug;
		};
		9EA6A0EF251764B600D24555 /* Release */ = {
			isa = XCBuildConfiguration;
			buildSettings = {
				BUNDLE_LOADER = "$(TEST_HOST)";
				CODE_SIGN_STYLE = Automatic;
				DEVELOPMENT_TEAM = FRLWXTY459;
				INFOPLIST_FILE = DynaLabelTests/Info.plist;
				IPHONEOS_DEPLOYMENT_TARGET = 14.0;
				LD_RUNPATH_SEARCH_PATHS = (
					"$(inherited)",
					"@executable_path/Frameworks",
					"@loader_path/Frameworks",
				);
				PRODUCT_BUNDLE_IDENTIFIER = hyron.DynaLabelTests;
				PRODUCT_NAME = "$(TARGET_NAME)";
				TARGETED_DEVICE_FAMILY = "1,2";
				TEST_HOST = "$(BUILT_PRODUCTS_DIR)/DynaLabel.app/DynaLabel";
			};
			name = Release;
		};
		9EA6A0F1251764B600D24555 /* Debug */ = {
			isa = XCBuildConfiguration;
			buildSettings = {
				CODE_SIGN_STYLE = Automatic;
				DEVELOPMENT_TEAM = FRLWXTY459;
				INFOPLIST_FILE = DynaLabelUITests/Info.plist;
				LD_RUNPATH_SEARCH_PATHS = (
					"$(inherited)",
					"@executable_path/Frameworks",
					"@loader_path/Frameworks",
				);
				PRODUCT_BUNDLE_IDENTIFIER = hyron.DynaLabelUITests;
				PRODUCT_NAME = "$(TARGET_NAME)";
				TARGETED_DEVICE_FAMILY = "1,2";
				TEST_TARGET_NAME = DynaLabel;
			};
			name = Debug;
		};
		9EA6A0F2251764B600D24555 /* Release */ = {
			isa = XCBuildConfiguration;
			buildSettings = {
				CODE_SIGN_STYLE = Automatic;
				DEVELOPMENT_TEAM = FRLWXTY459;
				INFOPLIST_FILE = DynaLabelUITests/Info.plist;
				LD_RUNPATH_SEARCH_PATHS = (
					"$(inherited)",
					"@executable_path/Frameworks",
					"@loader_path/Frameworks",
				);
				PRODUCT_BUNDLE_IDENTIFIER = hyron.DynaLabelUITests;
				PRODUCT_NAME = "$(TARGET_NAME)";
				TARGETED_DEVICE_FAMILY = "1,2";
				TEST_TARGET_NAME = DynaLabel;
			};
			name = Release;
		};
/* End XCBuildConfiguration section */

/* Begin XCConfigurationList section */
		9EA6A0B6251764B300D24555 /* Build configuration list for PBXProject "DynaLabel" */ = {
			isa = XCConfigurationList;
			buildConfigurations = (
				9EA6A0E8251764B600D24555 /* Debug */,
				9EA6A0E9251764B600D24555 /* Release */,
			);
			defaultConfigurationIsVisible = 0;
			defaultConfigurationName = Release;
		};
		9EA6A0EA251764B600D24555 /* Build configuration list for PBXNativeTarget "DynaLabel" */ = {
			isa = XCConfigurationList;
			buildConfigurations = (
				9EA6A0EB251764B600D24555 /* Debug */,
				9EA6A0EC251764B600D24555 /* Release */,
			);
			defaultConfigurationIsVisible = 0;
			defaultConfigurationName = Release;
		};
		9EA6A0ED251764B600D24555 /* Build configuration list for PBXNativeTarget "DynaLabelTests" */ = {
			isa = XCConfigurationList;
			buildConfigurations = (
				9EA6A0EE251764B600D24555 /* Debug */,
				9EA6A0EF251764B600D24555 /* Release */,
			);
			defaultConfigurationIsVisible = 0;
			defaultConfigurationName = Release;
		};
		9EA6A0F0251764B600D24555 /* Build configuration list for PBXNativeTarget "DynaLabelUITests" */ = {
			isa = XCConfigurationList;
			buildConfigurations = (
				9EA6A0F1251764B600D24555 /* Debug */,
				9EA6A0F2251764B600D24555 /* Release */,
			);
			defaultConfigurationIsVisible = 0;
			defaultConfigurationName = Release;
		};
/* End XCConfigurationList section */
	};
	rootObject = 9EA6A0B3251764B300D24555 /* Project object */;
}
