// !$*UTF8*$!
{
	archiveVersion = 1;
	classes = {
	};
	objectVersion = 50;
	objects = {

/* Begin PBXBuildFile section */
		04CCFA2E25BED53C002AB20C /* TableViewCell.swift in Sources */ = {isa = PBXBuildFile; fileRef = 04CCFA2C25BED53C002AB20C /* TableViewCell.swift */; };
		04CCFA2F25BED53C002AB20C /* TableViewCell.xib in Resources */ = {isa = PBXBuildFile; fileRef = 04CCFA2D25BED53C002AB20C /* TableViewCell.xib */; };
		9EC614D625BC08F500BB0E85 /* AppDelegate.swift in Sources */ = {isa = PBXBuildFile; fileRef = 9EC614D525BC08F500BB0E85 /* AppDelegate.swift */; };
		9EC614DA25BC08F500BB0E85 /* RootViewController.swift in Sources */ = {isa = PBXBuildFile; fileRef = 9EC614D925BC08F500BB0E85 /* RootViewController.swift */; };
		9EC614DD25BC08F500BB0E85 /* Main.storyboard in Resources */ = {isa = PBXBuildFile; fileRef = 9EC614DB25BC08F500BB0E85 /* Main.storyboard */; };
		9EC614DF25BC08F900BB0E85 /* Assets.xcassets in Resources */ = {isa = PBXBuildFile; fileRef = 9EC614DE25BC08F900BB0E85 /* Assets.xcassets */; };
		9EC614EE25BC0AD300BB0E85 /* SettingViewController.swift in Sources */ = {isa = PBXBuildFile; fileRef = 9EC614ED25BC0AD300BB0E85 /* SettingViewController.swift */; };
		9EC614F225BC0BFE00BB0E85 /* RootViewTextCell.swift in Sources */ = {isa = PBXBuildFile; fileRef = 9EC614F025BC0BFE00BB0E85 /* RootViewTextCell.swift */; };
/* End PBXBuildFile section */

/* Begin PBXFileReference section */
		04CCFA2C25BED53C002AB20C /* TableViewCell.swift */ = {isa = PBXFileReference; lastKnownFileType = sourcecode.swift; path = TableViewCell.swift; sourceTree = "<group>"; };
		04CCFA2D25BED53C002AB20C /* TableViewCell.xib */ = {isa = PBXFileReference; lastKnownFileType = file.xib; path = TableViewCell.xib; sourceTree = "<group>"; };
		9EC614D225BC08F500BB0E85 /* navi.app */ = {isa = PBXFileReference; explicitFileType = wrapper.application; includeInIndex = 0; path = navi.app; sourceTree = BUILT_PRODUCTS_DIR; };
		9EC614D525BC08F500BB0E85 /* AppDelegate.swift */ = {isa = PBXFileReference; lastKnownFileType = sourcecode.swift; path = AppDelegate.swift; sourceTree = "<group>"; };
		9EC614D925BC08F500BB0E85 /* RootViewController.swift */ = {isa = PBXFileReference; lastKnownFileType = sourcecode.swift; path = RootViewController.swift; sourceTree = "<group>"; };
		9EC614DC25BC08F500BB0E85 /* Base */ = {isa = PBXFileReference; lastKnownFileType = file.storyboard; name = Base; path = Base.lproj/Main.storyboard; sourceTree = "<group>"; };
		9EC614DE25BC08F900BB0E85 /* Assets.xcassets */ = {isa = PBXFileReference; lastKnownFileType = folder.assetcatalog; path = Assets.xcassets; sourceTree = "<group>"; };
		9EC614E325BC08F900BB0E85 /* Info.plist */ = {isa = PBXFileReference; lastKnownFileType = text.plist.xml; path = Info.plist; sourceTree = "<group>"; };
		9EC614ED25BC0AD300BB0E85 /* SettingViewController.swift */ = {isa = PBXFileReference; lastKnownFileType = sourcecode.swift; path = SettingViewController.swift; sourceTree = "<group>"; };
		9EC614F025BC0BFE00BB0E85 /* RootViewTextCell.swift */ = {isa = PBXFileReference; lastKnownFileType = sourcecode.swift; path = RootViewTextCell.swift; sourceTree = "<group>"; };
/* End PBXFileReference section */

/* Begin PBXFrameworksBuildPhase section */
		9EC614CF25BC08F500BB0E85 /* Frameworks */ = {
			isa = PBXFrameworksBuildPhase;
			buildActionMask = 2147483647;
			files = (
			);
			runOnlyForDeploymentPostprocessing = 0;
		};
/* End PBXFrameworksBuildPhase section */

/* Begin PBXGroup section */
		9EC614C925BC08F500BB0E85 = {
			isa = PBXGroup;
			children = (
				9EC614D425BC08F500BB0E85 /* navi */,
				9EC614D325BC08F500BB0E85 /* Products */,
			);
			sourceTree = "<group>";
		};
		9EC614D325BC08F500BB0E85 /* Products */ = {
			isa = PBXGroup;
			children = (
				9EC614D225BC08F500BB0E85 /* navi.app */,
			);
			name = Products;
			sourceTree = "<group>";
		};
		9EC614D425BC08F500BB0E85 /* navi */ = {
			isa = PBXGroup;
			children = (
				9EC614D525BC08F500BB0E85 /* AppDelegate.swift */,
				9EC614DB25BC08F500BB0E85 /* Main.storyboard */,
				9EC614D925BC08F500BB0E85 /* RootViewController.swift */,
				9EC614ED25BC0AD300BB0E85 /* SettingViewController.swift */,
				9EC614F025BC0BFE00BB0E85 /* RootViewTextCell.swift */,
				9EC614DE25BC08F900BB0E85 /* Assets.xcassets */,
				9EC614E325BC08F900BB0E85 /* Info.plist */,
				04CCFA2C25BED53C002AB20C /* TableViewCell.swift */,
				04CCFA2D25BED53C002AB20C /* TableViewCell.xib */,
			);
			path = navi;
			sourceTree = "<group>";
		};
/* End PBXGroup section */

/* Begin PBXNativeTarget section */
		9EC614D125BC08F500BB0E85 /* navi */ = {
			isa = PBXNativeTarget;
			buildConfigurationList = 9EC614E625BC08F900BB0E85 /* Build configuration list for PBXNativeTarget "navi" */;
			buildPhases = (
				9EC614CE25BC08F500BB0E85 /* Sources */,
				9EC614CF25BC08F500BB0E85 /* Frameworks */,
				9EC614D025BC08F500BB0E85 /* Resources */,
			);
			buildRules = (
			);
			dependencies = (
			);
			name = navi;
			productName = navi;
			productReference = 9EC614D225BC08F500BB0E85 /* navi.app */;
			productType = "com.apple.product-type.application";
		};
/* End PBXNativeTarget section */

/* Begin PBXProject section */
		9EC614CA25BC08F500BB0E85 /* Project object */ = {
			isa = PBXProject;
			attributes = {
				LastSwiftUpdateCheck = 1230;
				LastUpgradeCheck = 1230;
				TargetAttributes = {
					9EC614D125BC08F500BB0E85 = {
						CreatedOnToolsVersion = 12.3;
					};
				};
			};
			buildConfigurationList = 9EC614CD25BC08F500BB0E85 /* Build configuration list for PBXProject "navi" */;
			compatibilityVersion = "Xcode 9.3";
			developmentRegion = en;
			hasScannedForEncodings = 0;
			knownRegions = (
				en,
				Base,
			);
			mainGroup = 9EC614C925BC08F500BB0E85;
			productRefGroup = 9EC614D325BC08F500BB0E85 /* Products */;
			projectDirPath = "";
			projectRoot = "";
			targets = (
				9EC614D125BC08F500BB0E85 /* navi */,
			);
		};
/* End PBXProject section */

/* Begin PBXResourcesBuildPhase section */
		9EC614D025BC08F500BB0E85 /* Resources */ = {
			isa = PBXResourcesBuildPhase;
			buildActionMask = 2147483647;
			files = (
				9EC614DF25BC08F900BB0E85 /* Assets.xcassets in Resources */,
				04CCFA2F25BED53C002AB20C /* TableViewCell.xib in Resources */,
				9EC614DD25BC08F500BB0E85 /* Main.storyboard in Resources */,
			);
			runOnlyForDeploymentPostprocessing = 0;
		};
/* End PBXResourcesBuildPhase section */

/* Begin PBXSourcesBuildPhase section */
		9EC614CE25BC08F500BB0E85 /* Sources */ = {
			isa = PBXSourcesBuildPhase;
			buildActionMask = 2147483647;
			files = (
				04CCFA2E25BED53C002AB20C /* TableViewCell.swift in Sources */,
				9EC614DA25BC08F500BB0E85 /* RootViewController.swift in Sources */,
				9EC614F225BC0BFE00BB0E85 /* RootViewTextCell.swift in Sources */,
				9EC614D625BC08F500BB0E85 /* AppDelegate.swift in Sources */,
				9EC614EE25BC0AD300BB0E85 /* SettingViewController.swift in Sources */,
			);
			runOnlyForDeploymentPostprocessing = 0;
		};
/* End PBXSourcesBuildPhase section */

/* Begin PBXVariantGroup section */
		9EC614DB25BC08F500BB0E85 /* Main.storyboard */ = {
			isa = PBXVariantGroup;
			children = (
				9EC614DC25BC08F500BB0E85 /* Base */,
			);
			name = Main.storyboard;
			sourceTree = "<group>";
		};
/* End PBXVariantGroup section */

/* Begin XCBuildConfiguration section */
		9EC614E425BC08F900BB0E85 /* Debug */ = {
			isa = XCBuildConfiguration;
			buildSettings = {
				ALWAYS_SEARCH_USER_PATHS = NO;
				CLANG_ANALYZER_NONNULL = YES;
				CLANG_ANALYZER_NUMBER_OBJECT_CONVERSION = YES_AGGRESSIVE;
				CLANG_CXX_LANGUAGE_STANDARD = "gnu++14";
				CLANG_CXX_LIBRARY = "libc++";
				CLANG_ENABLE_MODULES = YES;
				CLANG_ENABLE_OBJC_ARC = YES;
				CLANG_ENABLE_OBJC_WEAK = YES;
				CLANG_WARN_BLOCK_CAPTURE_AUTORELEASING = YES;
				CLANG_WARN_BOOL_CONVERSION = YES;
				CLANG_WARN_COMMA = YES;
				CLANG_WARN_CONSTANT_CONVERSION = YES;
				CLANG_WARN_DEPRECATED_OBJC_IMPLEMENTATIONS = YES;
				CLANG_WARN_DIRECT_OBJC_ISA_USAGE = YES_ERROR;
				CLANG_WARN_DOCUMENTATION_COMMENTS = YES;
				CLANG_WARN_EMPTY_BODY = YES;
				CLANG_WARN_ENUM_CONVERSION = YES;
				CLANG_WARN_INFINITE_RECURSION = YES;
				CLANG_WARN_INT_CONVERSION = YES;
				CLANG_WARN_NON_LITERAL_NULL_CONVERSION = YES;
				CLANG_WARN_OBJC_IMPLICIT_RETAIN_SELF = YES;
				CLANG_WARN_OBJC_LITERAL_CONVERSION = YES;
				CLANG_WARN_OBJC_ROOT_CLASS = YES_ERROR;
				CLANG_WARN_QUOTED_INCLUDE_IN_FRAMEWORK_HEADER = YES;
				CLANG_WARN_RANGE_LOOP_ANALYSIS = YES;
				CLANG_WARN_STRICT_PROTOTYPES = YES;
				CLANG_WARN_SUSPICIOUS_MOVE = YES;
				CLANG_WARN_UNGUARDED_AVAILABILITY = YES_AGGRESSIVE;
				CLANG_WARN_UNREACHABLE_CODE = YES;
				CLANG_WARN__DUPLICATE_METHOD_MATCH = YES;
				COPY_PHASE_STRIP = NO;
				DEBUG_INFORMATION_FORMAT = dwarf;
				ENABLE_STRICT_OBJC_MSGSEND = YES;
				ENABLE_TESTABILITY = YES;
				GCC_C_LANGUAGE_STANDARD = gnu11;
				GCC_DYNAMIC_NO_PIC = NO;
				GCC_NO_COMMON_BLOCKS = YES;
				GCC_OPTIMIZATION_LEVEL = 0;
				GCC_PREPROCESSOR_DEFINITIONS = (
					"DEBUG=1",
					"$(inherited)",
				);
				GCC_WARN_64_TO_32_BIT_CONVERSION = YES;
				GCC_WARN_ABOUT_RETURN_TYPE = YES_ERROR;
				GCC_WARN_UNDECLARED_SELECTOR = YES;
				GCC_WARN_UNINITIALIZED_AUTOS = YES_AGGRESSIVE;
				GCC_WARN_UNUSED_FUNCTION = YES;
				GCC_WARN_UNUSED_VARIABLE = YES;
				IPHONEOS_DEPLOYMENT_TARGET = 9.0;
				MTL_ENABLE_DEBUG_INFO = INCLUDE_SOURCE;
				MTL_FAST_MATH = YES;
				ONLY_ACTIVE_ARCH = YES;
				SDKROOT = iphoneos;
				SWIFT_ACTIVE_COMPILATION_CONDITIONS = DEBUG;
				SWIFT_OPTIMIZATION_LEVEL = "-Onone";
			};
			name = Debug;
		};
		9EC614E525BC08F900BB0E85 /* Release */ = {
			isa = XCBuildConfiguration;
			buildSettings = {
				ALWAYS_SEARCH_USER_PATHS = NO;
				CLANG_ANALYZER_NONNULL = YES;
				CLANG_ANALYZER_NUMBER_OBJECT_CONVERSION = YES_AGGRESSIVE;
				CLANG_CXX_LANGUAGE_STANDARD = "gnu++14";
				CLANG_CXX_LIBRARY = "libc++";
				CLANG_ENABLE_MODULES = YES;
				CLANG_ENABLE_OBJC_ARC = YES;
				CLANG_ENABLE_OBJC_WEAK = YES;
				CLANG_WARN_BLOCK_CAPTURE_AUTORELEASING = YES;
				CLANG_WARN_BOOL_CONVERSION = YES;
				CLANG_WARN_COMMA = YES;
				CLANG_WARN_CONSTANT_CONVERSION = YES;
				CLANG_WARN_DEPRECATED_OBJC_IMPLEMENTATIONS = YES;
				CLANG_WARN_DIRECT_OBJC_ISA_USAGE = YES_ERROR;
				CLANG_WARN_DOCUMENTATION_COMMENTS = YES;
				CLANG_WARN_EMPTY_BODY = YES;
				CLANG_WARN_ENUM_CONVERSION = YES;
				CLANG_WARN_INFINITE_RECURSION = YES;
				CLANG_WARN_INT_CONVERSION = YES;
				CLANG_WARN_NON_LITERAL_NULL_CONVERSION = YES;
				CLANG_WARN_OBJC_IMPLICIT_RETAIN_SELF = YES;
				CLANG_WARN_OBJC_LITERAL_CONVERSION = YES;
				CLANG_WARN_OBJC_ROOT_CLASS = YES_ERROR;
				CLANG_WARN_QUOTED_INCLUDE_IN_FRAMEWORK_HEADER = YES;
				CLANG_WARN_RANGE_LOOP_ANALYSIS = YES;
				CLANG_WARN_STRICT_PROTOTYPES = YES;
				CLANG_WARN_SUSPICIOUS_MOVE = YES;
				CLANG_WARN_UNGUARDED_AVAILABILITY = YES_AGGRESSIVE;
				CLANG_WARN_UNREACHABLE_CODE = YES;
				CLANG_WARN__DUPLICATE_METHOD_MATCH = YES;
				COPY_PHASE_STRIP = NO;
				DEBUG_INFORMATION_FORMAT = "dwarf-with-dsym";
				ENABLE_NS_ASSERTIONS = NO;
				ENABLE_STRICT_OBJC_MSGSEND = YES;
				GCC_C_LANGUAGE_STANDARD = gnu11;
				GCC_NO_COMMON_BLOCKS = YES;
				GCC_WARN_64_TO_32_BIT_CONVERSION = YES;
				GCC_WARN_ABOUT_RETURN_TYPE = YES_ERROR;
				GCC_WARN_UNDECLARED_SELECTOR = YES;
				GCC_WARN_UNINITIALIZED_AUTOS = YES_AGGRESSIVE;
				GCC_WARN_UNUSED_FUNCTION = YES;
				GCC_WARN_UNUSED_VARIABLE = YES;
				IPHONEOS_DEPLOYMENT_TARGET = 9.0;
				MTL_ENABLE_DEBUG_INFO = NO;
				MTL_FAST_MATH = YES;
				SDKROOT = iphoneos;
				SWIFT_COMPILATION_MODE = wholemodule;
				SWIFT_OPTIMIZATION_LEVEL = "-O";
				VALIDATE_PRODUCT = YES;
			};
			name = Release;
		};
		9EC614E725BC08F900BB0E85 /* Debug */ = {
			isa = XCBuildConfiguration;
			buildSettings = {
				ASSETCATALOG_COMPILER_APPICON_NAME = AppIcon;
				ASSETCATALOG_COMPILER_GLOBAL_ACCENT_COLOR_NAME = AccentColor;
				CODE_SIGN_STYLE = Automatic;
				DEVELOPMENT_TEAM = FRLWXTY459;
				INFOPLIST_FILE = navi/Info.plist;
				IPHONEOS_DEPLOYMENT_TARGET = 9.0;
				LD_RUNPATH_SEARCH_PATHS = (
					"$(inherited)",
					"@executable_path/Frameworks",
				);
				PRODUCT_BUNDLE_IDENTIFIER = com.lipeiv.navi;
				PRODUCT_NAME = "$(TARGET_NAME)";
				SWIFT_VERSION = 5.0;
				TARGETED_DEVICE_FAMILY = "1,2";
			};
			name = Debug;
		};
		9EC614E825BC08F900BB0E85 /* Release */ = {
			isa = XCBuildConfiguration;
			buildSettings = {
				ASSETCATALOG_COMPILER_APPICON_NAME = AppIcon;
				ASSETCATALOG_COMPILER_GLOBAL_ACCENT_COLOR_NAME = AccentColor;
				CODE_SIGN_STYLE = Automatic;
				DEVELOPMENT_TEAM = FRLWXTY459;
				INFOPLIST_FILE = navi/Info.plist;
				IPHONEOS_DEPLOYMENT_TARGET = 9.0;
				LD_RUNPATH_SEARCH_PATHS = (
					"$(inherited)",
					"@executable_path/Frameworks",
				);
				PRODUCT_BUNDLE_IDENTIFIER = com.lipeiv.navi;
				PRODUCT_NAME = "$(TARGET_NAME)";
				SWIFT_VERSION = 5.0;
				TARGETED_DEVICE_FAMILY = "1,2";
			};
			name = Release;
		};
/* End XCBuildConfiguration section */

/* Begin XCConfigurationList section */
		9EC614CD25BC08F500BB0E85 /* Build configuration list for PBXProject "navi" */ = {
			isa = XCConfigurationList;
			buildConfigurations = (
				9EC614E425BC08F900BB0E85 /* Debug */,
				9EC614E525BC08F900BB0E85 /* Release */,
			);
			defaultConfigurationIsVisible = 0;
			defaultConfigurationName = Release;
		};
		9EC614E625BC08F900BB0E85 /* Build configuration list for PBXNativeTarget "navi" */ = {
			isa = XCConfigurationList;
			buildConfigurations = (
				9EC614E725BC08F900BB0E85 /* Debug */,
				9EC614E825BC08F900BB0E85 /* Release */,
			);
			defaultConfigurationIsVisible = 0;
			defaultConfigurationName = Release;
		};
/* End XCConfigurationList section */
	};
	rootObject = 9EC614CA25BC08F500BB0E85 /* Project object */;
}
